
Microsoft Visual Studio Solution File, Format Version 12.00
# Visual Studio Version 17
VisualStudioVersion = 17.14.36717.8 d17.14
MinimumVisualStudioVersion = 10.0.40219.1
Project("{8BC9CEB8-8B4A-11D0-8D11-00A0C91BC942}") = "Project3", "Project3\Project3.vcxproj", "{516A3A0B-3549-4AEC-A248-69F3AA4A888D}"
EndProject
Global
	GlobalSection(SolutionConfigurationPlatforms) = preSolution
		Debug|x64 = Debug|x64
		Debug|x86 = Debug|x86
		Release|x64 = Release|x64
		Release|x86 = Release|x86
	EndGlobalSection
	GlobalSection(ProjectConfigurationPlatforms) = postSolution
		{516A3A0B-3549-4AEC-A248-69F3AA4A888D}.Debug|x64.ActiveCfg = Debug|x64
		{516A3A0B-3549-4AEC-A248-69F3AA4A888D}.Debug|x64.Build.0 = Debug|x64
		{516A3A0B-3549-4AEC-A248-69F3AA4A888D}.Debug|x86.ActiveCfg = Debug|Win32
		{516A3A0B-3549-4AEC-A248-69F3AA4A888D}.Debug|x86.Build.0 = Debug|Win32
		{516A3A0B-3549-4AEC-A248-69F3AA4A888D}.Release|x64.ActiveCfg = Release|x64
		{516A3A0B-3549-4AEC-A248-69F3AA4A888D}.Release|x64.Build.0 = Release|x64
		{516A3A0B-3549-4AEC-A248-69F3AA4A888D}.Release|x86.ActiveCfg = Release|Win32
		{516A3A0B-3549-4AEC-A248-69F3AA4A888D}.Release|x86.Build.0 = Release|Win32
	EndGlobalSection
	GlobalSection(SolutionProperties) = preSolution
		HideSolutionNode = FALSE
	EndGlobalSection
	GlobalSection(ExtensibilityGlobals) = postSolution
		SolutionGuid = {BCEFA26F-1AA9-43FC-9A78-F155D4B9553A}
	EndGlobalSection
EndGlobal
