
Microsoft Visual Studio Solution File, Format Version 12.00
# Visual Studio Version 17
VisualStudioVersion = 17.14.36717.8 d17.14
MinimumVisualStudioVersion = 10.0.40219.1
Project("{888888A0-9F3D-457C-B088-3A5042F75D52}") = "Text Based RPG", "Text Based RPG\Text Based RPG.pyproj", "{1D58E676-436D-48C3-B66E-CEE9CB8971A7}"
EndProject
Global
	GlobalSection(SolutionConfigurationPlatforms) = preSolution
		Debug|Any CPU = Debug|Any CPU
		Release|Any CPU = Release|Any CPU
	EndGlobalSection
	GlobalSection(ProjectConfigurationPlatforms) = postSolution
		{1D58E676-436D-48C3-B66E-CEE9CB8971A7}.Debug|Any CPU.ActiveCfg = Debug|Any CPU
		{1D58E676-436D-48C3-B66E-CEE9CB8971A7}.Release|Any CPU.ActiveCfg = Release|Any CPU
	EndGlobalSection
	GlobalSection(SolutionProperties) = preSolution
		HideSolutionNode = FALSE
	EndGlobalSection
	GlobalSection(ExtensibilityGlobals) = postSolution
		SolutionGuid = {7D81C1E2-D15C-4F3E-B2B9-2199CE69CD92}
	EndGlobalSection
EndGlobal
